Microsoft Visual Studio Solution File, Format Version 12.00
# Visual Studio Version 18
VisualStudioVersion = 18.3.11520.95
MinimumVisualStudioVersion = 10.0.40219.1
Project("{FAE04EC0-301F-11D3-BF4B-00C04F79EFBC}") = "RevitMCPPlugin", "plugin\RevitMCPPlugin.csproj", "{B1A2C3D4-E5F6-7890-ABCD-111111111111}"
EndProject
Project("{FAE04EC0-301F-11D3-BF4B-00C04F79EFBC}") = "RevitMCPCommandSet", "commandset\RevitMCPCommandSet.csproj", "{B1A2C3D4-E5F6-7890-ABCD-222222222222}"
EndProject
Project("{FAE04EC0-301F-11D3-BF4B-00C04F79EFBC}") = "DeepBimMCPToolCommands", "tools\DeepBimMCPToolCommands.csproj", "{B1A2C3D4-E5F6-7890-ABCD-333333333334}"
EndProject
Project("{FAE04EC0-301F-11D3-BF4B-00C04F79EFBC}") = "DevToolV2Commands", "DevToolV2Commands\DevToolV2Commands.csproj", "{FCD53745-ACE3-597F-E947-A86CDB2F5259}"
EndProject
Global
	GlobalSection(SolutionConfigurationPlatforms) = preSolution
		Debug|Any CPU = Debug|Any CPU
		Debug-2019|Any CPU = Debug-2019|Any CPU
		Debug-2020|Any CPU = Debug-2020|Any CPU
		Debug-2021|Any CPU = Debug-2021|Any CPU
		Debug-2022|Any CPU = Debug-2022|Any CPU
		Debug-2023|Any CPU = Debug-2023|Any CPU
		Debug-2024|Any CPU = Debug-2024|Any CPU
		Debug-2025|Any CPU = Debug-2025|Any CPU
		Debug-2026|Any CPU = Debug-2026|Any CPU
		Release|Any CPU = Release|Any CPU
		Release-2019|Any CPU = Release-2019|Any CPU
		Release-2020|Any CPU = Release-2020|Any CPU
		Release-2021|Any CPU = Release-2021|Any CPU
		Release-2022|Any CPU = Release-2022|Any CPU
		Release-2023|Any CPU = Release-2023|Any CPU
		Release-2024|Any CPU = Release-2024|Any CPU
		Release-2025|Any CPU = Release-2025|Any CPU
		Release-2026|Any CPU = Release-2026|Any CPU
	EndGlobalSection
	GlobalSection(ProjectConfigurationPlatforms) = postSolution
		{B1A2C3D4-E5F6-7890-ABCD-111111111111}.Debug|Any CPU.ActiveCfg = Debug|Any CPU
		{B1A2C3D4-E5F6-7890-ABCD-111111111111}.Debug|Any CPU.Build.0 = Debug|Any CPU
		{B1A2C3D4-E5F6-7890-ABCD-111111111111}.Debug-2019|Any CPU.ActiveCfg = Debug|Any CPU
		{B1A2C3D4-E5F6-7890-ABCD-111111111111}.Debug-2019|Any CPU.Build.0 = Debug|Any CPU
		{B1A2C3D4-E5F6-7890-ABCD-111111111111}.Debug-2020|Any CPU.ActiveCfg = Debug|Any CPU
		{B1A2C3D4-E5F6-7890-ABCD-111111111111}.Debug-2020|Any CPU.Build.0 = Debug|Any CPU
		{B1A2C3D4-E5F6-7890-ABCD-111111111111}.Debug-2021|Any CPU.ActiveCfg = Debug|Any CPU
		{B1A2C3D4-E5F6-7890-ABCD-111111111111}.Debug-2021|Any CPU.Build.0 = Debug|Any CPU
		{B1A2C3D4-E5F6-7890-ABCD-111111111111}.Debug-2022|Any CPU.ActiveCfg = Debug|Any CPU
		{B1A2C3D4-E5F6-7890-ABCD-111111111111}.Debug-2022|Any CPU.Build.0 = Debug|Any CPU
		{B1A2C3D4-E5F6-7890-ABCD-111111111111}.Debug-2023|Any CPU.ActiveCfg = Debug|Any CPU
		{B1A2C3D4-E5F6-7890-ABCD-111111111111}.Debug-2023|Any CPU.Build.0 = Debug|Any CPU
		{B1A2C3D4-E5F6-7890-ABCD-111111111111}.Debug-2024|Any CPU.ActiveCfg = Debug|Any CPU
		{B1A2C3D4-E5F6-7890-ABCD-111111111111}.Debug-2024|Any CPU.Build.0 = Debug|Any CPU
		{B1A2C3D4-E5F6-7890-ABCD-111111111111}.Debug-2025|Any CPU.ActiveCfg = Debug|Any CPU
		{B1A2C3D4-E5F6-7890-ABCD-111111111111}.Debug-2025|Any CPU.Build.0 = Debug|Any CPU
		{B1A2C3D4-E5F6-7890-ABCD-111111111111}.Debug-2026|Any CPU.ActiveCfg = Debug|Any CPU
		{B1A2C3D4-E5F6-7890-ABCD-111111111111}.Debug-2026|Any CPU.Build.0 = Debug|Any CPU
		{B1A2C3D4-E5F6-7890-ABCD-111111111111}.Release|Any CPU.ActiveCfg = Release|Any CPU
		{B1A2C3D4-E5F6-7890-ABCD-111111111111}.Release|Any CPU.Build.0 = Release|Any CPU
		{B1A2C3D4-E5F6-7890-ABCD-111111111111}.Release-2019|Any CPU.ActiveCfg = Release|Any CPU
		{B1A2C3D4-E5F6-7890-ABCD-111111111111}.Release-2019|Any CPU.Build.0 = Release|Any CPU
		{B1A2C3D4-E5F6-7890-ABCD-111111111111}.Release-2020|Any CPU.ActiveCfg = Release|Any CPU
		{B1A2C3D4-E5F6-7890-ABCD-111111111111}.Release-2020|Any CPU.Build.0 = Release|Any CPU
		{B1A2C3D4-E5F6-7890-ABCD-111111111111}.Release-2021|Any CPU.ActiveCfg = Release|Any CPU
		{B1A2C3D4-E5F6-7890-ABCD-111111111111}.Release-2021|Any CPU.Build.0 = Release|Any CPU
		{B1A2C3D4-E5F6-7890-ABCD-111111111111}.Release-2022|Any CPU.ActiveCfg = Release|Any CPU
		{B1A2C3D4-E5F6-7890-ABCD-111111111111}.Release-2022|Any CPU.Build.0 = Release|Any CPU
		{B1A2C3D4-E5F6-7890-ABCD-111111111111}.Release-2023|Any CPU.ActiveCfg = Release|Any CPU
		{B1A2C3D4-E5F6-7890-ABCD-111111111111}.Release-2023|Any CPU.Build.0 = Release|Any CPU
		{B1A2C3D4-E5F6-7890-ABCD-111111111111}.Release-2024|Any CPU.ActiveCfg = Release|Any CPU
		{B1A2C3D4-E5F6-7890-ABCD-111111111111}.Release-2024|Any CPU.Build.0 = Release|Any CPU
		{B1A2C3D4-E5F6-7890-ABCD-111111111111}.Release-2025|Any CPU.ActiveCfg = Release|Any CPU
		{B1A2C3D4-E5F6-7890-ABCD-111111111111}.Release-2025|Any CPU.Build.0 = Release|Any CPU
		{B1A2C3D4-E5F6-7890-ABCD-111111111111}.Release-2026|Any CPU.ActiveCfg = Release|Any CPU
		{B1A2C3D4-E5F6-7890-ABCD-111111111111}.Release-2026|Any CPU.Build.0 = Release|Any CPU
		{B1A2C3D4-E5F6-7890-ABCD-222222222222}.Debug|Any CPU.ActiveCfg = Debug|Any CPU
		{B1A2C3D4-E5F6-7890-ABCD-222222222222}.Debug|Any CPU.Build.0 = Debug|Any CPU
		{B1A2C3D4-E5F6-7890-ABCD-222222222222}.Debug-2019|Any CPU.ActiveCfg = Debug|Any CPU
		{B1A2C3D4-E5F6-7890-ABCD-222222222222}.Debug-2019|Any CPU.Build.0 = Debug|Any CPU
		{B1A2C3D4-E5F6-7890-ABCD-222222222222}.Debug-2020|Any CPU.ActiveCfg = Debug|Any CPU
		{B1A2C3D4-E5F6-7890-ABCD-222222222222}.Debug-2020|Any CPU.Build.0 = Debug|Any CPU
		{B1A2C3D4-E5F6-7890-ABCD-222222222222}.Debug-2021|Any CPU.ActiveCfg = Debug|Any CPU
		{B1A2C3D4-E5F6-7890-ABCD-222222222222}.Debug-2021|Any CPU.Build.0 = Debug|Any CPU
		{B1A2C3D4-E5F6-7890-ABCD-222222222222}.Debug-2022|Any CPU.ActiveCfg = Debug|Any CPU
		{B1A2C3D4-E5F6-7890-ABCD-222222222222}.Debug-2022|Any CPU.Build.0 = Debug|Any CPU
		{B1A2C3D4-E5F6-7890-ABCD-222222222222}.Debug-2023|Any CPU.ActiveCfg = Debug|Any CPU
		{B1A2C3D4-E5F6-7890-ABCD-222222222222}.Debug-2023|Any CPU.Build.0 = Debug|Any CPU
		{B1A2C3D4-E5F6-7890-ABCD-222222222222}.Debug-2024|Any CPU.ActiveCfg = Debug|Any CPU
		{B1A2C3D4-E5F6-7890-ABCD-222222222222}.Debug-2024|Any CPU.Build.0 = Debug|Any CPU
		{B1A2C3D4-E5F6-7890-ABCD-222222222222}.Debug-2025|Any CPU.ActiveCfg = Debug|Any CPU
		{B1A2C3D4-E5F6-7890-ABCD-222222222222}.Debug-2025|Any CPU.Build.0 = Debug|Any CPU
		{B1A2C3D4-E5F6-7890-ABCD-222222222222}.Debug-2026|Any CPU.ActiveCfg = Debug|Any CPU
		{B1A2C3D4-E5F6-7890-ABCD-222222222222}.Debug-2026|Any CPU.Build.0 = Debug|Any CPU
		{B1A2C3D4-E5F6-7890-ABCD-222222222222}.Release|Any CPU.ActiveCfg = Release|Any CPU
		{B1A2C3D4-E5F6-7890-ABCD-222222222222}.Release|Any CPU.Build.0 = Release|Any CPU
		{B1A2C3D4-E5F6-7890-ABCD-222222222222}.Release-2019|Any CPU.ActiveCfg = Release|Any CPU
		{B1A2C3D4-E5F6-7890-ABCD-222222222222}.Release-2019|Any CPU.Build.0 = Release|Any CPU
		{B1A2C3D4-E5F6-7890-ABCD-222222222222}.Release-2020|Any CPU.ActiveCfg = Release|Any CPU
		{B1A2C3D4-E5F6-7890-ABCD-222222222222}.Release-2020|Any CPU.Build.0 = Release|Any CPU
		{B1A2C3D4-E5F6-7890-ABCD-222222222222}.Release-2021|Any CPU.ActiveCfg = Release|Any CPU
		{B1A2C3D4-E5F6-7890-ABCD-222222222222}.Release-2021|Any CPU.Build.0 = Release|Any CPU
		{B1A2C3D4-E5F6-7890-ABCD-222222222222}.Release-2022|Any CPU.ActiveCfg = Release|Any CPU
		{B1A2C3D4-E5F6-7890-ABCD-222222222222}.Release-2022|Any CPU.Build.0 = Release|Any CPU
		{B1A2C3D4-E5F6-7890-ABCD-222222222222}.Release-2023|Any CPU.ActiveCfg = Release|Any CPU
		{B1A2C3D4-E5F6-7890-ABCD-222222222222}.Release-2023|Any CPU.Build.0 = Release|Any CPU
		{B1A2C3D4-E5F6-7890-ABCD-222222222222}.Release-2024|Any CPU.ActiveCfg = Release|Any CPU
		{B1A2C3D4-E5F6-7890-ABCD-222222222222}.Release-2024|Any CPU.Build.0 = Release|Any CPU
		{B1A2C3D4-E5F6-7890-ABCD-222222222222}.Release-2025|Any CPU.ActiveCfg = Release|Any CPU
		{B1A2C3D4-E5F6-7890-ABCD-222222222222}.Release-2025|Any CPU.Build.0 = Release|Any CPU
		{B1A2C3D4-E5F6-7890-ABCD-222222222222}.Release-2026|Any CPU.ActiveCfg = Release|Any CPU
		{B1A2C3D4-E5F6-7890-ABCD-222222222222}.Release-2026|Any CPU.Build.0 = Release|Any CPU
		{B1A2C3D4-E5F6-7890-ABCD-333333333334}.Debug|Any CPU.ActiveCfg = Debug|Any CPU
		{B1A2C3D4-E5F6-7890-ABCD-333333333334}.Debug|Any CPU.Build.0 = Debug|Any CPU
		{B1A2C3D4-E5F6-7890-ABCD-333333333334}.Debug-2019|Any CPU.ActiveCfg = Debug|Any CPU
		{B1A2C3D4-E5F6-7890-ABCD-333333333334}.Debug-2019|Any CPU.Build.0 = Debug|Any CPU
		{B1A2C3D4-E5F6-7890-ABCD-333333333334}.Debug-2020|Any CPU.ActiveCfg = Debug|Any CPU
		{B1A2C3D4-E5F6-7890-ABCD-333333333334}.Debug-2020|Any CPU.Build.0 = Debug|Any CPU
		{B1A2C3D4-E5F6-7890-ABCD-333333333334}.Debug-2021|Any CPU.ActiveCfg = Debug|Any CPU
		{B1A2C3D4-E5F6-7890-ABCD-333333333334}.Debug-2021|Any CPU.Build.0 = Debug|Any CPU
		{B1A2C3D4-E5F6-7890-ABCD-333333333334}.Debug-2022|Any CPU.ActiveCfg = Debug|Any CPU
		{B1A2C3D4-E5F6-7890-ABCD-333333333334}.Debug-2022|Any CPU.Build.0 = Debug|Any CPU
		{B1A2C3D4-E5F6-7890-ABCD-333333333334}.Debug-2023|Any CPU.ActiveCfg = Debug|Any CPU
		{B1A2C3D4-E5F6-7890-ABCD-333333333334}.Debug-2023|Any CPU.Build.0 = Debug|Any CPU
		{B1A2C3D4-E5F6-7890-ABCD-333333333334}.Debug-2024|Any CPU.ActiveCfg = Debug|Any CPU
		{B1A2C3D4-E5F6-7890-ABCD-333333333334}.Debug-2024|Any CPU.Build.0 = Debug|Any CPU
		{B1A2C3D4-E5F6-7890-ABCD-333333333334}.Debug-2025|Any CPU.ActiveCfg = Debug|Any CPU
		{B1A2C3D4-E5F6-7890-ABCD-333333333334}.Debug-2025|Any CPU.Build.0 = Debug|Any CPU
		{B1A2C3D4-E5F6-7890-ABCD-333333333334}.Debug-2026|Any CPU.ActiveCfg = Debug|Any CPU
		{B1A2C3D4-E5F6-7890-ABCD-333333333334}.Debug-2026|Any CPU.Build.0 = Debug|Any CPU
		{B1A2C3D4-E5F6-7890-ABCD-333333333334}.Release|Any CPU.ActiveCfg = Release|Any CPU
		{B1A2C3D4-E5F6-7890-ABCD-333333333334}.Release|Any CPU.Build.0 = Release|Any CPU
		{B1A2C3D4-E5F6-7890-ABCD-333333333334}.Release-2019|Any CPU.ActiveCfg = Release|Any CPU
		{B1A2C3D4-E5F6-7890-ABCD-333333333334}.Release-2019|Any CPU.Build.0 = Release|Any CPU
		{B1A2C3D4-E5F6-7890-ABCD-333333333334}.Release-2020|Any CPU.ActiveCfg = Release|Any CPU
		{B1A2C3D4-E5F6-7890-ABCD-333333333334}.Release-2020|Any CPU.Build.0 = Release|Any CPU
		{B1A2C3D4-E5F6-7890-ABCD-333333333334}.Release-2021|Any CPU.ActiveCfg = Release|Any CPU
		{B1A2C3D4-E5F6-7890-ABCD-333333333334}.Release-2021|Any CPU.Build.0 = Release|Any CPU
		{B1A2C3D4-E5F6-7890-ABCD-333333333334}.Release-2022|Any CPU.ActiveCfg = Release|Any CPU
		{B1A2C3D4-E5F6-7890-ABCD-333333333334}.Release-2022|Any CPU.Build.0 = Release|Any CPU
		{B1A2C3D4-E5F6-7890-ABCD-333333333334}.Release-2023|Any CPU.ActiveCfg = Release|Any CPU
		{B1A2C3D4-E5F6-7890-ABCD-333333333334}.Release-2023|Any CPU.Build.0 = Release|Any CPU
		{B1A2C3D4-E5F6-7890-ABCD-333333333334}.Release-2024|Any CPU.ActiveCfg = Release|Any CPU
		{B1A2C3D4-E5F6-7890-ABCD-333333333334}.Release-2024|Any CPU.Build.0 = Release|Any CPU
		{B1A2C3D4-E5F6-7890-ABCD-333333333334}.Release-2025|Any CPU.ActiveCfg = Release|Any CPU
		{B1A2C3D4-E5F6-7890-ABCD-333333333334}.Release-2025|Any CPU.Build.0 = Release|Any CPU
		{B1A2C3D4-E5F6-7890-ABCD-333333333334}.Release-2026|Any CPU.ActiveCfg = Release|Any CPU
		{B1A2C3D4-E5F6-7890-ABCD-333333333334}.Release-2026|Any CPU.Build.0 = Release|Any CPU
		{FCD53745-ACE3-597F-E947-A86CDB2F5259}.Debug|Any CPU.ActiveCfg = Debug|Any CPU
		{FCD53745-ACE3-597F-E947-A86CDB2F5259}.Debug|Any CPU.Build.0 = Debug|Any CPU
		{FCD53745-ACE3-597F-E947-A86CDB2F5259}.Debug-2019|Any CPU.ActiveCfg = Debug|Any CPU
		{FCD53745-ACE3-597F-E947-A86CDB2F5259}.Debug-2019|Any CPU.Build.0 = Debug|Any CPU
		{FCD53745-ACE3-597F-E947-A86CDB2F5259}.Debug-2020|Any CPU.ActiveCfg = Debug|Any CPU
		{FCD53745-ACE3-597F-E947-A86CDB2F5259}.Debug-2020|Any CPU.Build.0 = Debug|Any CPU
		{FCD53745-ACE3-597F-E947-A86CDB2F5259}.Debug-2021|Any CPU.ActiveCfg = Debug|Any CPU
		{FCD53745-ACE3-597F-E947-A86CDB2F5259}.Debug-2021|Any CPU.Build.0 = Debug|Any CPU
		{FCD53745-ACE3-597F-E947-A86CDB2F5259}.Debug-2022|Any CPU.ActiveCfg = Debug|Any CPU
		{FCD53745-ACE3-597F-E947-A86CDB2F5259}.Debug-2022|Any CPU.Build.0 = Debug|Any CPU
		{FCD53745-ACE3-597F-E947-A86CDB2F5259}.Debug-2023|Any CPU.ActiveCfg = Debug|Any CPU
		{FCD53745-ACE3-597F-E947-A86CDB2F5259}.Debug-2023|Any CPU.Build.0 = Debug|Any CPU
		{FCD53745-ACE3-597F-E947-A86CDB2F5259}.Debug-2024|Any CPU.ActiveCfg = Debug|Any CPU
		{FCD53745-ACE3-597F-E947-A86CDB2F5259}.Debug-2024|Any CPU.Build.0 = Debug|Any CPU
		{FCD53745-ACE3-597F-E947-A86CDB2F5259}.Debug-2025|Any CPU.ActiveCfg = Debug|Any CPU
		{FCD53745-ACE3-597F-E947-A86CDB2F5259}.Debug-2025|Any CPU.Build.0 = Debug|Any CPU
		{FCD53745-ACE3-597F-E947-A86CDB2F5259}.Debug-2026|Any CPU.ActiveCfg = Debug|Any CPU
		{FCD53745-ACE3-597F-E947-A86CDB2F5259}.Debug-2026|Any CPU.Build.0 = Debug|Any CPU
		{FCD53745-ACE3-597F-E947-A86CDB2F5259}.Release|Any CPU.ActiveCfg = Release|Any CPU
		{FCD53745-ACE3-597F-E947-A86CDB2F5259}.Release|Any CPU.Build.0 = Release|Any CPU
		{FCD53745-ACE3-597F-E947-A86CDB2F5259}.Release-2019|Any CPU.ActiveCfg = Release|Any CPU
		{FCD53745-ACE3-597F-E947-A86CDB2F5259}.Release-2019|Any CPU.Build.0 = Release|Any CPU
		{FCD53745-ACE3-597F-E947-A86CDB2F5259}.Release-2020|Any CPU.ActiveCfg = Release|Any CPU
		{FCD53745-ACE3-597F-E947-A86CDB2F5259}.Release-2020|Any CPU.Build.0 = Release|Any CPU
		{FCD53745-ACE3-597F-E947-A86CDB2F5259}.Release-2021|Any CPU.ActiveCfg = Release|Any CPU
		{FCD53745-ACE3-597F-E947-A86CDB2F5259}.Release-2021|Any CPU.Build.0 = Release|Any CPU
		{FCD53745-ACE3-597F-E947-A86CDB2F5259}.Release-2022|Any CPU.ActiveCfg = Release|Any CPU
		{FCD53745-ACE3-597F-E947-A86CDB2F5259}.Release-2022|Any CPU.Build.0 = Release|Any CPU
		{FCD53745-ACE3-597F-E947-A86CDB2F5259}.Release-2023|Any CPU.ActiveCfg = Release|Any CPU
		{FCD53745-ACE3-597F-E947-A86CDB2F5259}.Release-2023|Any CPU.Build.0 = Release|Any CPU
		{FCD53745-ACE3-597F-E947-A86CDB2F5259}.Release-2024|Any CPU.ActiveCfg = Release|Any CPU
		{FCD53745-ACE3-597F-E947-A86CDB2F5259}.Release-2024|Any CPU.Build.0 = Release|Any CPU
		{FCD53745-ACE3-597F-E947-A86CDB2F5259}.Release-2025|Any CPU.ActiveCfg = Release|Any CPU
		{FCD53745-ACE3-597F-E947-A86CDB2F5259}.Release-2025|Any CPU.Build.0 = Release|Any CPU
		{FCD53745-ACE3-597F-E947-A86CDB2F5259}.Release-2026|Any CPU.ActiveCfg = Release|Any CPU
		{FCD53745-ACE3-597F-E947-A86CDB2F5259}.Release-2026|Any CPU.Build.0 = Release|Any CPU
	EndGlobalSection
	GlobalSection(SolutionProperties) = preSolution
		HideSolutionNode = FALSE
	EndGlobalSection
	GlobalSection(ExtensibilityGlobals) = postSolution
		SolutionGuid = {A1B2C3D4-E5F6-7890-ABCD-333333333333}
	EndGlobalSection
EndGlobal
